
Microsoft Visual Studio Solution File, Format Version 11.00
# Visual C# Express 2010
Project("{FAE04EC0-301F-11D3-BF4B-00C04F79EFBC}") = "Problem5", "Problem5\Problem5.csproj", "{AEA3E264-719F-45D1-BCE2-4729D300D7AB}"
EndProject
Global
	GlobalSection(SolutionConfigurationPlatforms) = preSolution
		Debug|x86 = Debug|x86
		Release|x86 = Release|x86
	EndGlobalSection
	GlobalSection(ProjectConfigurationPlatforms) = postSolution
		{AEA3E264-719F-45D1-BCE2-4729D300D7AB}.Debug|x86.ActiveCfg = Debug|x86
		{AEA3E264-719F-45D1-BCE2-4729D300D7AB}.Debug|x86.Build.0 = Debug|x86
		{AEA3E264-719F-45D1-BCE2-4729D300D7AB}.Release|x86.ActiveCfg = Release|x86
		{AEA3E264-719F-45D1-BCE2-4729D300D7AB}.Release|x86.Build.0 = Release|x86
	EndGlobalSection
	GlobalSection(SolutionProperties) = preSolution
		HideSolutionNode = FALSE
	EndGlobalSection
EndGlobal
