
Microsoft Visual Studio Solution File, Format Version 11.00
# Visual C# Express 2010
Project("{FAE04EC0-301F-11D3-BF4B-00C04F79EFBC}") = "Problem12", "Problem12\Problem12.csproj", "{9812F999-DEC8-4C56-9891-2B2D6CB665DB}"
EndProject
Global
	GlobalSection(SolutionConfigurationPlatforms) = preSolution
		Debug|x86 = Debug|x86
		Release|x86 = Release|x86
	EndGlobalSection
	GlobalSection(ProjectConfigurationPlatforms) = postSolution
		{9812F999-DEC8-4C56-9891-2B2D6CB665DB}.Debug|x86.ActiveCfg = Debug|x86
		{9812F999-DEC8-4C56-9891-2B2D6CB665DB}.Debug|x86.Build.0 = Debug|x86
		{9812F999-DEC8-4C56-9891-2B2D6CB665DB}.Release|x86.ActiveCfg = Release|x86
		{9812F999-DEC8-4C56-9891-2B2D6CB665DB}.Release|x86.Build.0 = Release|x86
	EndGlobalSection
	GlobalSection(SolutionProperties) = preSolution
		HideSolutionNode = FALSE
	EndGlobalSection
EndGlobal
